# This file is generated by running "yarn install" inside your project.
# Manual changes might be lost - proceed with caution!

__metadata:
  version: 6
  cacheKey: 8

"@udchat/cli@workspace:apps/cli":
  version: 0.0.0-use.local
  resolution: "@udchat/cli@workspace:apps/cli"
  dependencies:
    "@udchat/socket": "workspace:*"
    bun-types: latest
  peerDependencies:
    typescript: ^5.0.0
  languageName: unknown
  linkType: soft

"@udchat/socket@workspace:*, @udchat/socket@workspace:packages/socket":
  version: 0.0.0-use.local
  resolution: "@udchat/socket@workspace:packages/socket"
  dependencies:
    bun-types: latest
  peerDependencies:
    typescript: ^5.0.0
  languageName: unknown
  linkType: soft

"bun-types@npm:latest":
  version: 1.0.6
  resolution: "bun-types@npm:1.0.6"
  checksum: d10bdcce0577a9a779f963f07146f40c4f2ac3b3312135e3941e596f60ea42c8f243949cdf81c2d984de49525d287784594ec0dc5d85dc2d08fa385a5b97ad0b
  languageName: node
  linkType: hard

"udchat@workspace:.":
  version: 0.0.0-use.local
  resolution: "udchat@workspace:."
  languageName: unknown
  linkType: soft
