# This file is generated by running "yarn install" inside your project.
# Manual changes might be lost - proceed with caution!

__metadata:
  version: 6
  cacheKey: 8

"@udchat/cli@workspace:apps/cli":
  version: 0.0.0-use.local
  resolution: "@udchat/cli@workspace:apps/cli"
  dependencies:
    "@udchat/socket": "workspace:*"
    bun-types: latest
  peerDependencies:
    typescript: ^5.0.0
  languageName: unknown
  linkType: soft

"@udchat/core@workspace:apps/core":
  version: 0.0.0-use.local
  resolution: "@udchat/core@workspace:apps/core"
  dependencies:
    bun-types: latest
    fp-ts: 2.16.1
    zod: 3.22.4
    zod-validation-error: 1.5.0
  peerDependencies:
    typescript: ^5.0.0
  languageName: unknown
  linkType: soft

"@udchat/socket@workspace:*, @udchat/socket@workspace:packages/socket":
  version: 0.0.0-use.local
  resolution: "@udchat/socket@workspace:packages/socket"
  dependencies:
    bun-types: latest
  peerDependencies:
    typescript: ^5.0.0
  languageName: unknown
  linkType: soft

"bun-types@npm:latest":
  version: 1.0.6
  resolution: "bun-types@npm:1.0.6"
  checksum: d10bdcce0577a9a779f963f07146f40c4f2ac3b3312135e3941e596f60ea42c8f243949cdf81c2d984de49525d287784594ec0dc5d85dc2d08fa385a5b97ad0b
  languageName: node
  linkType: hard

"fp-ts@npm:2.16.1":
  version: 2.16.1
  resolution: "fp-ts@npm:2.16.1"
  checksum: 94e8bb1d037fdc44414ac93bbabecc3f94fb798d6564e77427ae2ecfa0f77681ec35968598d7b0cbf8274566469c7b42e8727390eb889e1121c199341939c2a3
  languageName: node
  linkType: hard

"udchat@workspace:.":
  version: 0.0.0-use.local
  resolution: "udchat@workspace:."
  languageName: unknown
  linkType: soft

"zod-validation-error@npm:1.5.0":
  version: 1.5.0
  resolution: "zod-validation-error@npm:1.5.0"
  peerDependencies:
    zod: ^3.18.0
  checksum: a1b0b96468057cd52991810b2f05b3305e2f4fdfc976c66469924d3e32038bdceef37f315ec0c745bea26cf98f5bbc5893659dd5e6ded6b9a8f04cbf59814cad
  languageName: node
  linkType: hard

"zod@npm:3.22.4":
  version: 3.22.4
  resolution: "zod@npm:3.22.4"
  checksum: 80bfd7f8039b24fddeb0718a2ec7c02aa9856e4838d6aa4864335a047b6b37a3273b191ef335bf0b2002e5c514ef261ffcda5a589fb084a48c336ffc4cdbab7f
  languageName: node
  linkType: hard
